
Microsoft Visual Studio Solution File, Format Version 12.00
# Visual Studio Version 17
VisualStudioVersion = 17.6.33815.320
MinimumVisualStudioVersion = 10.0.40219.1
Project("{9A19103F-16F7-4668-BE54-9A1E7A4F7556}") = "DataGifting", "DataGifting.csproj", "{86F90823-7F70-4FE3-82EC-C122F265710B}"
EndProject
Project("{FAE04EC0-301F-11D3-BF4B-00C04F79EFBC}") = "DataGiftingWebPage", "..\DataGiftingWebPage\DataGiftingWebPage.csproj", "{04459834-E041-42B2-AE78-A8787CC5CDC1}"
EndProject
Global
	GlobalSection(SolutionConfigurationPlatforms) = preSolution
		Debug|Any CPU = Debug|Any CPU
		Release|Any CPU = Release|Any CPU
	EndGlobalSection
	GlobalSection(ProjectConfigurationPlatforms) = postSolution
		{86F90823-7F70-4FE3-82EC-C122F265710B}.Debug|Any CPU.ActiveCfg = Debug|Any CPU
		{86F90823-7F70-4FE3-82EC-C122F265710B}.Debug|Any CPU.Build.0 = Debug|Any CPU
		{86F90823-7F70-4FE3-82EC-C122F265710B}.Release|Any CPU.ActiveCfg = Release|Any CPU
		{86F90823-7F70-4FE3-82EC-C122F265710B}.Release|Any CPU.Build.0 = Release|Any CPU
		{04459834-E041-42B2-AE78-A8787CC5CDC1}.Debug|Any CPU.ActiveCfg = Debug|Any CPU
		{04459834-E041-42B2-AE78-A8787CC5CDC1}.Debug|Any CPU.Build.0 = Debug|Any CPU
		{04459834-E041-42B2-AE78-A8787CC5CDC1}.Release|Any CPU.ActiveCfg = Release|Any CPU
		{04459834-E041-42B2-AE78-A8787CC5CDC1}.Release|Any CPU.Build.0 = Release|Any CPU
	EndGlobalSection
	GlobalSection(SolutionProperties) = preSolution
		HideSolutionNode = FALSE
	EndGlobalSection
	GlobalSection(ExtensibilityGlobals) = postSolution
		SolutionGuid = {006EAD15-6B14-431B-BF3F-E422B484622A}
	EndGlobalSection
EndGlobal
